
Microsoft Visual Studio Solution File, Format Version 12.00
# Visual Studio Version 16
VisualStudioVersion = 16.0.30404.54
MinimumVisualStudioVersion = 10.0.40219.1
Project("{9A19103F-16F7-4668-BE54-9A1E7A4F7556}") = "WebApi.Core31", "WebApiCore\WebApi.Core31.csproj", "{926CF2F2-E6A9-4789-9349-FAF675C99394}"
EndProject
Global
	GlobalSection(SolutionConfigurationPlatforms) = preSolution
		Debug|Any CPU = Debug|Any CPU
		GrapeCity|Any CPU = GrapeCity|Any CPU
		Release|Any CPU = Release|Any CPU
	EndGlobalSection
	GlobalSection(ProjectConfigurationPlatforms) = postSolution
		{926CF2F2-E6A9-4789-9349-FAF675C99394}.Debug|Any CPU.ActiveCfg = Debug|Any CPU
		{926CF2F2-E6A9-4789-9349-FAF675C99394}.Debug|Any CPU.Build.0 = Debug|Any CPU
		{926CF2F2-E6A9-4789-9349-FAF675C99394}.GrapeCity|Any CPU.ActiveCfg = Release|Any CPU
		{926CF2F2-E6A9-4789-9349-FAF675C99394}.GrapeCity|Any CPU.Build.0 = Release|Any CPU
		{926CF2F2-E6A9-4789-9349-FAF675C99394}.Release|Any CPU.ActiveCfg = Release|Any CPU
		{926CF2F2-E6A9-4789-9349-FAF675C99394}.Release|Any CPU.Build.0 = Release|Any CPU
	EndGlobalSection
	GlobalSection(SolutionProperties) = preSolution
		HideSolutionNode = FALSE
	EndGlobalSection
	GlobalSection(ExtensibilityGlobals) = postSolution
		SolutionGuid = {1A0F2F1F-3EA5-428B-83E2-C994616B73A4}
	EndGlobalSection
EndGlobal
