
Microsoft Visual Studio Solution File, Format Version 12.00
# Visual Studio Version 16
VisualStudioVersion = 16.0.28922.388
MinimumVisualStudioVersion = 10.0.40219.1
Project("{9A19103F-16F7-4668-BE54-9A1E7A4F7556}") = "WebApiExplorer.Core31", "src\WebApiExplorer.Core31.csproj", "{9E49FBE4-4DD6-4050-BBCE-9336CE2A05BB}"
EndProject
Global
	GlobalSection(SolutionConfigurationPlatforms) = preSolution
		Debug|Any CPU = Debug|Any CPU
		Release|Any CPU = Release|Any CPU
	EndGlobalSection
	GlobalSection(ProjectConfigurationPlatforms) = postSolution
		{9E49FBE4-4DD6-4050-BBCE-9336CE2A05BB}.Debug|Any CPU.ActiveCfg = Debug|Any CPU
		{9E49FBE4-4DD6-4050-BBCE-9336CE2A05BB}.Debug|Any CPU.Build.0 = Debug|Any CPU
		{9E49FBE4-4DD6-4050-BBCE-9336CE2A05BB}.Release|Any CPU.ActiveCfg = Release|Any CPU
		{9E49FBE4-4DD6-4050-BBCE-9336CE2A05BB}.Release|Any CPU.Build.0 = Release|Any CPU
	EndGlobalSection
	GlobalSection(SolutionProperties) = preSolution
		HideSolutionNode = FALSE
	EndGlobalSection
	GlobalSection(ExtensibilityGlobals) = postSolution
		SolutionGuid = {428E9F0C-BC50-43B6-8D10-5579822348F8}
	EndGlobalSection
EndGlobal
