
Microsoft Visual Studio Solution File, Format Version 12.00
# Visual Studio Version 16
VisualStudioVersion = 16.0.28922.388
MinimumVisualStudioVersion = 10.0.40219.1
Project("{9A19103F-16F7-4668-BE54-9A1E7A4F7556}") = "WebAPIExplorer.Core20", "src\WebAPIExplorer.Core20.csproj", "{24BA6535-F22C-45AD-9A9E-5896774E05F9}"
EndProject
Global
	GlobalSection(SolutionConfigurationPlatforms) = preSolution
		Debug|Any CPU = Debug|Any CPU
		Release|Any CPU = Release|Any CPU
	EndGlobalSection
	GlobalSection(ProjectConfigurationPlatforms) = postSolution
		{24BA6535-F22C-45AD-9A9E-5896774E05F9}.Debug|Any CPU.ActiveCfg = Debug|Any CPU
		{24BA6535-F22C-45AD-9A9E-5896774E05F9}.Debug|Any CPU.Build.0 = Debug|Any CPU
		{24BA6535-F22C-45AD-9A9E-5896774E05F9}.Release|Any CPU.ActiveCfg = Release|Any CPU
		{24BA6535-F22C-45AD-9A9E-5896774E05F9}.Release|Any CPU.Build.0 = Release|Any CPU
	EndGlobalSection
	GlobalSection(SolutionProperties) = preSolution
		HideSolutionNode = FALSE
	EndGlobalSection
	GlobalSection(ExtensibilityGlobals) = postSolution
		SolutionGuid = {F442ED56-3F17-4F8C-A960-C89EF811AFBE}
	EndGlobalSection
EndGlobal
